// !$*UTF8*$!
{
	archiveVersion = 1;
	classes = {
	};
	objectVersion = 51;
	objects = {

/* Begin PBXBuildFile section */
		3706E5A623056451004AABFA /* NamePersistance.swift in Sources */ = {isa = PBXBuildFile; fileRef = 3706E5A523056451004AABFA /* NamePersistance.swift */; };
		3706E5A8230593A7004AABFA /* ToDoPopupRealmViewController.swift in Sources */ = {isa = PBXBuildFile; fileRef = 3706E5A7230593A7004AABFA /* ToDoPopupRealmViewController.swift */; };
		37FAD786230554BE0060087D /* AppDelegate.swift in Sources */ = {isa = PBXBuildFile; fileRef = 37FAD785230554BE0060087D /* AppDelegate.swift */; };
		37FAD788230554BE0060087D /* ViewController.swift in Sources */ = {isa = PBXBuildFile; fileRef = 37FAD787230554BE0060087D /* ViewController.swift */; };
		37FAD78B230554BE0060087D /* Main.storyboard in Resources */ = {isa = PBXBuildFile; fileRef = 37FAD789230554BE0060087D /* Main.storyboard */; };
		37FAD78E230554BE0060087D /* HW14.xcdatamodeld in Sources */ = {isa = PBXBuildFile; fileRef = 37FAD78C230554BE0060087D /* HW14.xcdatamodeld */; };
		37FAD790230554BF0060087D /* Assets.xcassets in Resources */ = {isa = PBXBuildFile; fileRef = 37FAD78F230554BF0060087D /* Assets.xcassets */; };
		37FAD793230554BF0060087D /* LaunchScreen.storyboard in Resources */ = {isa = PBXBuildFile; fileRef = 37FAD791230554BF0060087D /* LaunchScreen.storyboard */; };
		82A28A166DAD2DA6DEC57E3E /* Pods_HW14.framework in Frameworks */ = {isa = PBXBuildFile; fileRef = 75E0DF20F52DE749E5FA9E22 /* Pods_HW14.framework */; };
/* End PBXBuildFile section */

/* Begin PBXFileReference section */
		3706E5A523056451004AABFA /* NamePersistance.swift */ = {isa = PBXFileReference; lastKnownFileType = sourcecode.swift; path = NamePersistance.swift; sourceTree = "<group>"; };
		3706E5A7230593A7004AABFA /* ToDoPopupRealmViewController.swift */ = {isa = PBXFileReference; lastKnownFileType = sourcecode.swift; path = ToDoPopupRealmViewController.swift; sourceTree = "<group>"; };
		37FAD782230554BE0060087D /* HW14.app */ = {isa = PBXFileReference; explicitFileType = wrapper.application; includeInIndex = 0; path = HW14.app; sourceTree = BUILT_PRODUCTS_DIR; };
		37FAD785230554BE0060087D /* AppDelegate.swift */ = {isa = PBXFileReference; lastKnownFileType = sourcecode.swift; path = AppDelegate.swift; sourceTree = "<group>"; };
		37FAD787230554BE0060087D /* ViewController.swift */ = {isa = PBXFileReference; lastKnownFileType = sourcecode.swift; path = ViewController.swift; sourceTree = "<group>"; };
		37FAD78A230554BE0060087D /* Base */ = {isa = PBXFileReference; lastKnownFileType = file.storyboard; name = Base; path = Base.lproj/Main.storyboard; sourceTree = "<group>"; };
		37FAD78D230554BE0060087D /* HW14.xcdatamodel */ = {isa = PBXFileReference; lastKnownFileType = wrapper.xcdatamodel; path = HW14.xcdatamodel; sourceTree = "<group>"; };
		37FAD78F230554BF0060087D /* Assets.xcassets */ = {isa = PBXFileReference; lastKnownFileType = folder.assetcatalog; path = Assets.xcassets; sourceTree = "<group>"; };
		37FAD792230554BF0060087D /* Base */ = {isa = PBXFileReference; lastKnownFileType = file.storyboard; name = Base; path = Base.lproj/LaunchScreen.storyboard; sourceTree = "<group>"; };
		37FAD794230554BF0060087D /* Info.plist */ = {isa = PBXFileReference; lastKnownFileType = text.plist.xml; path = Info.plist; sourceTree = "<group>"; };
		75E0DF20F52DE749E5FA9E22 /* Pods_HW14.framework */ = {isa = PBXFileReference; explicitFileType = wrapper.framework; includeInIndex = 0; path = Pods_HW14.framework; sourceTree = BUILT_PRODUCTS_DIR; };
		90EF04CD4E3488590753701C /* Pods-HW14.debug.xcconfig */ = {isa = PBXFileReference; includeInIndex = 1; lastKnownFileType = text.xcconfig; name = "Pods-HW14.debug.xcconfig"; path = "Target Support Files/Pods-HW14/Pods-HW14.debug.xcconfig"; sourceTree = "<group>"; };
		AF296E40B0D863DF920A89FF /* Pods-HW14.release.xcconfig */ = {isa = PBXFileReference; includeInIndex = 1; lastKnownFileType = text.xcconfig; name = "Pods-HW14.release.xcconfig"; path = "Target Support Files/Pods-HW14/Pods-HW14.release.xcconfig"; sourceTree = "<group>"; };
/* End PBXFileReference section */

/* Begin PBXFrameworksBuildPhase section */
		37FAD77F230554BE0060087D /* Frameworks */ = {
			isa = PBXFrameworksBuildPhase;
			buildActionMask = 2147483647;
			files = (
				82A28A166DAD2DA6DEC57E3E /* Pods_HW14.framework in Frameworks */,
			);
			runOnlyForDeploymentPostprocessing = 0;
		};
/* End PBXFrameworksBuildPhase section */

/* Begin PBXGroup section */
		37CD949C4F120475014B09C3 /* Pods */ = {
			isa = PBXGroup;
			children = (
				90EF04CD4E3488590753701C /* Pods-HW14.debug.xcconfig */,
				AF296E40B0D863DF920A89FF /* Pods-HW14.release.xcconfig */,
			);
			path = Pods;
			sourceTree = "<group>";
		};
		37FAD779230554BE0060087D = {
			isa = PBXGroup;
			children = (
				37FAD784230554BE0060087D /* HW14 */,
				37FAD783230554BE0060087D /* Products */,
				37CD949C4F120475014B09C3 /* Pods */,
				3FB5EA5973D4A0AC88F059C4 /* Frameworks */,
			);
			sourceTree = "<group>";
		};
		37FAD783230554BE0060087D /* Products */ = {
			isa = PBXGroup;
			children = (
				37FAD782230554BE0060087D /* HW14.app */,
			);
			name = Products;
			sourceTree = "<group>";
		};
		37FAD784230554BE0060087D /* HW14 */ = {
			isa = PBXGroup;
			children = (
				37FAD785230554BE0060087D /* AppDelegate.swift */,
				37FAD787230554BE0060087D /* ViewController.swift */,
				37FAD789230554BE0060087D /* Main.storyboard */,
				3706E5A7230593A7004AABFA /* ToDoPopupRealmViewController.swift */,
				3706E5A523056451004AABFA /* NamePersistance.swift */,
				37FAD78F230554BF0060087D /* Assets.xcassets */,
				37FAD791230554BF0060087D /* LaunchScreen.storyboard */,
				37FAD794230554BF0060087D /* Info.plist */,
				37FAD78C230554BE0060087D /* HW14.xcdatamodeld */,
			);
			path = HW14;
			sourceTree = "<group>";
		};
		3FB5EA5973D4A0AC88F059C4 /* Frameworks */ = {
			isa = PBXGroup;
			children = (
				75E0DF20F52DE749E5FA9E22 /* Pods_HW14.framework */,
			);
			name = Frameworks;
			sourceTree = "<group>";
		};
/* End PBXGroup section */

/* Begin PBXNativeTarget section */
		37FAD781230554BE0060087D /* HW14 */ = {
			isa = PBXNativeTarget;
			buildConfigurationList = 37FAD797230554BF0060087D /* Build configuration list for PBXNativeTarget "HW14" */;
			buildPhases = (
				78D52C08AE57E23CA227BD60 /* [CP] Check Pods Manifest.lock */,
				37FAD77E230554BE0060087D /* Sources */,
				37FAD77F230554BE0060087D /* Frameworks */,
				37FAD780230554BE0060087D /* Resources */,
				11FD0D3B21ADBB423DC2D1F7 /* [CP] Embed Pods Frameworks */,
			);
			buildRules = (
			);
			dependencies = (
			);
			name = HW14;
			productName = HW14;
			productReference = 37FAD782230554BE0060087D /* HW14.app */;
			productType = "com.apple.product-type.application";
		};
/* End PBXNativeTarget section */

/* Begin PBXProject section */
		37FAD77A230554BE0060087D /* Project object */ = {
			isa = PBXProject;
			attributes = {
				LastSwiftUpdateCheck = 1030;
				LastUpgradeCheck = 1030;
				ORGANIZATIONNAME = citymed12;
				TargetAttributes = {
					37FAD781230554BE0060087D = {
						CreatedOnToolsVersion = 10.3;
					};
				};
			};
			buildConfigurationList = 37FAD77D230554BE0060087D /* Build configuration list for PBXProject "HW14" */;
			compatibilityVersion = "Xcode 9.3";
			developmentRegion = en;
			hasScannedForEncodings = 0;
			knownRegions = (
				en,
				Base,
			);
			mainGroup = 37FAD779230554BE0060087D;
			productRefGroup = 37FAD783230554BE0060087D /* Products */;
			projectDirPath = "";
			projectRoot = "";
			targets = (
				37FAD781230554BE0060087D /* HW14 */,
			);
		};
/* End PBXProject section */

/* Begin PBXResourcesBuildPhase section */
		37FAD780230554BE0060087D /* Resources */ = {
			isa = PBXResourcesBuildPhase;
			buildActionMask = 2147483647;
			files = (
				37FAD793230554BF0060087D /* LaunchScreen.storyboard in Resources */,
				37FAD790230554BF0060087D /* Assets.xcassets in Resources */,
				37FAD78B230554BE0060087D /* Main.storyboard in Resources */,
			);
			runOnlyForDeploymentPostprocessing = 0;
		};
/* End PBXResourcesBuildPhase section */

/* Begin PBXShellScriptBuildPhase section */
		11FD0D3B21ADBB423DC2D1F7 /* [CP] Embed Pods Frameworks */ = {
			isa = PBXShellScriptBuildPhase;
			buildActionMask = 2147483647;
			files = (
			);
			inputFileListPaths = (
				"${PODS_ROOT}/Target Support Files/Pods-HW14/Pods-HW14-frameworks-${CONFIGURATION}-input-files.xcfilelist",
			);
			name = "[CP] Embed Pods Frameworks";
			outputFileListPaths = (
				"${PODS_ROOT}/Target Support Files/Pods-HW14/Pods-HW14-frameworks-${CONFIGURATION}-output-files.xcfilelist",
			);
			runOnlyForDeploymentPostprocessing = 0;
			shellPath = /bin/sh;
			shellScript = "\"${PODS_ROOT}/Target Support Files/Pods-HW14/Pods-HW14-frameworks.sh\"\n";
			showEnvVarsInLog = 0;
		};
		78D52C08AE57E23CA227BD60 /* [CP] Check Pods Manifest.lock */ = {
			isa = PBXShellScriptBuildPhase;
			buildActionMask = 2147483647;
			files = (
			);
			inputFileListPaths = (
			);
			inputPaths = (
				"${PODS_PODFILE_DIR_PATH}/Podfile.lock",
				"${PODS_ROOT}/Manifest.lock",
			);
			name = "[CP] Check Pods Manifest.lock";
			outputFileListPaths = (
			);
			outputPaths = (
				"$(DERIVED_FILE_DIR)/Pods-HW14-checkManifestLockResult.txt",
			);
			runOnlyForDeploymentPostprocessing = 0;
			shellPath = /bin/sh;
			shellScript = "diff \"${PODS_PODFILE_DIR_PATH}/Podfile.lock\" \"${PODS_ROOT}/Manifest.lock\" > /dev/null\nif [ $? != 0 ] ; then\n    # print error to STDERR\n    echo \"error: The sandbox is not in sync with the Podfile.lock. Run 'pod install' or update your CocoaPods installation.\" >&2\n    exit 1\nfi\n# This output is used by Xcode 'outputs' to avoid re-running this script phase.\necho \"SUCCESS\" > \"${SCRIPT_OUTPUT_FILE_0}\"\n";
			showEnvVarsInLog = 0;
		};
/* End PBXShellScriptBuildPhase section */

/* Begin PBXSourcesBuildPhase section */
		37FAD77E230554BE0060087D /* Sources */ = {
			isa = PBXSourcesBuildPhase;
			buildActionMask = 2147483647;
			files = (
				37FAD78E230554BE0060087D /* HW14.xcdatamodeld in Sources */,
				37FAD788230554BE0060087D /* ViewController.swift in Sources */,
				3706E5A8230593A7004AABFA /* ToDoPopupRealmViewController.swift in Sources */,
				3706E5A623056451004AABFA /* NamePersistance.swift in Sources */,
				37FAD786230554BE0060087D /* AppDelegate.swift in Sources */,
			);
			runOnlyForDeploymentPostprocessing = 0;
		};
/* End PBXSourcesBuildPhase section */

/* Begin PBXVariantGroup section */
		37FAD789230554BE0060087D /* Main.storyboard */ = {
			isa = PBXVariantGroup;
			children = (
				37FAD78A230554BE0060087D /* Base */,
			);
			name = Main.storyboard;
			sourceTree = "<group>";
		};
		37FAD791230554BF0060087D /* LaunchScreen.storyboard */ = {
			isa = PBXVariantGroup;
			children = (
				37FAD792230554BF0060087D /* Base */,
			);
			name = LaunchScreen.storyboard;
			sourceTree = "<group>";
		};
/* End PBXVariantGroup section */

/* Begin XCBuildConfiguration section */
		37FAD795230554BF0060087D /* Debug */ = {
			isa = XCBuildConfiguration;
			buildSettings = {
				ALWAYS_SEARCH_USER_PATHS = NO;
				CLANG_ANALYZER_NONNULL = YES;
				CLANG_ANALYZER_NUMBER_OBJECT_CONVERSION = YES_AGGRESSIVE;
				CLANG_CXX_LANGUAGE_STANDARD = "gnu++14";
				CLANG_CXX_LIBRARY = "libc++";
				CLANG_ENABLE_MODULES = YES;
				CLANG_ENABLE_OBJC_ARC = YES;
				CLANG_ENABLE_OBJC_WEAK = YES;
				CLANG_WARN_BLOCK_CAPTURE_AUTORELEASING = YES;
				CLANG_WARN_BOOL_CONVERSION = YES;
				CLANG_WARN_COMMA = YES;
				CLANG_WARN_CONSTANT_CONVERSION = YES;
				CLANG_WARN_DEPRECATED_OBJC_IMPLEMENTATIONS = YES;
				CLANG_WARN_DIRECT_OBJC_ISA_USAGE = YES_ERROR;
				CLANG_WARN_DOCUMENTATION_COMMENTS = YES;
				CLANG_WARN_EMPTY_BODY = YES;
				CLANG_WARN_ENUM_CONVERSION = YES;
				CLANG_WARN_INFINITE_RECURSION = YES;
				CLANG_WARN_INT_CONVERSION = YES;
				CLANG_WARN_NON_LITERAL_NULL_CONVERSION = YES;
				CLANG_WARN_OBJC_IMPLICIT_RETAIN_SELF = YES;
				CLANG_WARN_OBJC_LITERAL_CONVERSION = YES;
				CLANG_WARN_OBJC_ROOT_CLASS = YES_ERROR;
				CLANG_WARN_RANGE_LOOP_ANALYSIS = YES;
				CLANG_WARN_STRICT_PROTOTYPES = YES;
				CLANG_WARN_SUSPICIOUS_MOVE = YES;
				CLANG_WARN_UNGUARDED_AVAILABILITY = YES_AGGRESSIVE;
				CLANG_WARN_UNREACHABLE_CODE = YES;
				CLANG_WARN__DUPLICATE_METHOD_MATCH = YES;
				CODE_SIGN_IDENTITY = "iPhone Developer";
				COPY_PHASE_STRIP = NO;
				DEBUG_INFORMATION_FORMAT = dwarf;
				ENABLE_STRICT_OBJC_MSGSEND = YES;
				ENABLE_TESTABILITY = YES;
				GCC_C_LANGUAGE_STANDARD = gnu11;
				GCC_DYNAMIC_NO_PIC = NO;
				GCC_NO_COMMON_BLOCKS = YES;
				GCC_OPTIMIZATION_LEVEL = 0;
				GCC_PREPROCESSOR_DEFINITIONS = (
					"DEBUG=1",
					"$(inherited)",
				);
				GCC_WARN_64_TO_32_BIT_CONVERSION = YES;
				GCC_WARN_ABOUT_RETURN_TYPE = YES_ERROR;
				GCC_WARN_UNDECLARED_SELECTOR = YES;
				GCC_WARN_UNINITIALIZED_AUTOS = YES_AGGRESSIVE;
				GCC_WARN_UNUSED_FUNCTION = YES;
				GCC_WARN_UNUSED_VARIABLE = YES;
				IPHONEOS_DEPLOYMENT_TARGET = 12.4;
				MTL_ENABLE_DEBUG_INFO = INCLUDE_SOURCE;
				MTL_FAST_MATH = YES;
				ONLY_ACTIVE_ARCH = YES;
				SDKROOT = iphoneos;
				SWIFT_ACTIVE_COMPILATION_CONDITIONS = DEBUG;
				SWIFT_OPTIMIZATION_LEVEL = "-Onone";
			};
			name = Debug;
		};
		37FAD796230554BF0060087D /* Release */ = {
			isa = XCBuildConfiguration;
			buildSettings = {
				ALWAYS_SEARCH_USER_PATHS = NO;
				CLANG_ANALYZER_NONNULL = YES;
				CLANG_ANALYZER_NUMBER_OBJECT_CONVERSION = YES_AGGRESSIVE;
				CLANG_CXX_LANGUAGE_STANDARD = "gnu++14";
				CLANG_CXX_LIBRARY = "libc++";
				CLANG_ENABLE_MODULES = YES;
				CLANG_ENABLE_OBJC_ARC = YES;
				CLANG_ENABLE_OBJC_WEAK = YES;
				CLANG_WARN_BLOCK_CAPTURE_AUTORELEASING = YES;
				CLANG_WARN_BOOL_CONVERSION = YES;
				CLANG_WARN_COMMA = YES;
				CLANG_WARN_CONSTANT_CONVERSION = YES;
				CLANG_WARN_DEPRECATED_OBJC_IMPLEMENTATIONS = YES;
				CLANG_WARN_DIRECT_OBJC_ISA_USAGE = YES_ERROR;
				CLANG_WARN_DOCUMENTATION_COMMENTS = YES;
				CLANG_WARN_EMPTY_BODY = YES;
				CLANG_WARN_ENUM_CONVERSION = YES;
				CLANG_WARN_INFINITE_RECURSION = YES;
				CLANG_WARN_INT_CONVERSION = YES;
				CLANG_WARN_NON_LITERAL_NULL_CONVERSION = YES;
				CLANG_WARN_OBJC_IMPLICIT_RETAIN_SELF = YES;
				CLANG_WARN_OBJC_LITERAL_CONVERSION = YES;
				CLANG_WARN_OBJC_ROOT_CLASS = YES_ERROR;
				CLANG_WARN_RANGE_LOOP_ANALYSIS = YES;
				CLANG_WARN_STRICT_PROTOTYPES = YES;
				CLANG_WARN_SUSPICIOUS_MOVE = YES;
				CLANG_WARN_UNGUARDED_AVAILABILITY = YES_AGGRESSIVE;
				CLANG_WARN_UNREACHABLE_CODE = YES;
				CLANG_WARN__DUPLICATE_METHOD_MATCH = YES;
				CODE_SIGN_IDENTITY = "iPhone Developer";
				COPY_PHASE_STRIP = NO;
				DEBUG_INFORMATION_FORMAT = "dwarf-with-dsym";
				ENABLE_NS_ASSERTIONS = NO;
				ENABLE_STRICT_OBJC_MSGSEND = YES;
				GCC_C_LANGUAGE_STANDARD = gnu11;
				GCC_NO_COMMON_BLOCKS = YES;
				GCC_WARN_64_TO_32_BIT_CONVERSION = YES;
				GCC_WARN_ABOUT_RETURN_TYPE = YES_ERROR;
				GCC_WARN_UNDECLARED_SELECTOR = YES;
				GCC_WARN_UNINITIALIZED_AUTOS = YES_AGGRESSIVE;
				GCC_WARN_UNUSED_FUNCTION = YES;
				GCC_WARN_UNUSED_VARIABLE = YES;
				IPHONEOS_DEPLOYMENT_TARGET = 12.4;
				MTL_ENABLE_DEBUG_INFO = NO;
				MTL_FAST_MATH = YES;
				SDKROOT = iphoneos;
				SWIFT_COMPILATION_MODE = wholemodule;
				SWIFT_OPTIMIZATION_LEVEL = "-O";
				VALIDATE_PRODUCT = YES;
			};
			name = Release;
		};
		37FAD798230554BF0060087D /* Debug */ = {
			isa = XCBuildConfiguration;
			baseConfigurationReference = 90EF04CD4E3488590753701C /* Pods-HW14.debug.xcconfig */;
			buildSettings = {
				ASSETCATALOG_COMPILER_APPICON_NAME = AppIcon;
				CODE_SIGN_STYLE = Automatic;
				DEVELOPMENT_TEAM = 9R2Z2F4V5P;
				INFOPLIST_FILE = HW14/Info.plist;
				LD_RUNPATH_SEARCH_PATHS = (
					"$(inherited)",
					"@executable_path/Frameworks",
				);
				PRODUCT_BUNDLE_IDENTIFIER = ru.citymed12.HW14;
				PRODUCT_NAME = "$(TARGET_NAME)";
				SWIFT_VERSION = 5.0;
				TARGETED_DEVICE_FAMILY = "1,2";
			};
			name = Debug;
		};
		37FAD799230554BF0060087D /* Release */ = {
			isa = XCBuildConfiguration;
			baseConfigurationReference = AF296E40B0D863DF920A89FF /* Pods-HW14.release.xcconfig */;
			buildSettings = {
				ASSETCATALOG_COMPILER_APPICON_NAME = AppIcon;
				CODE_SIGN_STYLE = Automatic;
				DEVELOPMENT_TEAM = 9R2Z2F4V5P;
				INFOPLIST_FILE = HW14/Info.plist;
				LD_RUNPATH_SEARCH_PATHS = (
					"$(inherited)",
					"@executable_path/Frameworks",
				);
				PRODUCT_BUNDLE_IDENTIFIER = ru.citymed12.HW14;
				PRODUCT_NAME = "$(TARGET_NAME)";
				SWIFT_VERSION = 5.0;
				TARGETED_DEVICE_FAMILY = "1,2";
			};
			name = Release;
		};
/* End XCBuildConfiguration section */

/* Begin XCConfigurationList section */
		37FAD77D230554BE0060087D /* Build configuration list for PBXProject "HW14" */ = {
			isa = XCConfigurationList;
			buildConfigurations = (
				37FAD795230554BF0060087D /* Debug */,
				37FAD796230554BF0060087D /* Release */,
			);
			defaultConfigurationIsVisible = 0;
			defaultConfigurationName = Release;
		};
		37FAD797230554BF0060087D /* Build configuration list for PBXNativeTarget "HW14" */ = {
			isa = XCConfigurationList;
			buildConfigurations = (
				37FAD798230554BF0060087D /* Debug */,
				37FAD799230554BF0060087D /* Release */,
			);
			defaultConfigurationIsVisible = 0;
			defaultConfigurationName = Release;
		};
/* End XCConfigurationList section */

/* Begin XCVersionGroup section */
		37FAD78C230554BE0060087D /* HW14.xcdatamodeld */ = {
			isa = XCVersionGroup;
			children = (
				37FAD78D230554BE0060087D /* HW14.xcdatamodel */,
			);
			currentVersion = 37FAD78D230554BE0060087D /* HW14.xcdatamodel */;
			path = HW14.xcdatamodeld;
			sourceTree = "<group>";
			versionGroupType = wrapper.xcdatamodel;
		};
/* End XCVersionGroup section */
	};
	rootObject = 37FAD77A230554BE0060087D /* Project object */;
}
